Microsoft Visual Studio Solution File, Format Version 12.00
# Visual Studio Version 17
VisualStudioVersion = 17.5.2.0
MinimumVisualStudioVersion = 10.0.40219.1
Project("{FAE04EC0-301F-11D3-BF4B-00C04F79EFBC}") = "backend-lab-C25713", "backend-lab-C25713\backend-lab-C25713.csproj", "{777BA2E0-D7DF-6FE4-3157-139D2ADB871B}"
EndProject
Global
	GlobalSection(SolutionConfigurationPlatforms) = preSolution
		Debug|Any CPU = Debug|Any CPU
		Release|Any CPU = Release|Any CPU
	EndGlobalSection
	GlobalSection(ProjectConfigurationPlatforms) = postSolution
		{777BA2E0-D7DF-6FE4-3157-139D2ADB871B}.Debug|Any CPU.ActiveCfg = Debug|Any CPU
		{777BA2E0-D7DF-6FE4-3157-139D2ADB871B}.Debug|Any CPU.Build.0 = Debug|Any CPU
		{777BA2E0-D7DF-6FE4-3157-139D2ADB871B}.Release|Any CPU.ActiveCfg = Release|Any CPU
		{777BA2E0-D7DF-6FE4-3157-139D2ADB871B}.Release|Any CPU.Build.0 = Release|Any CPU
	EndGlobalSection
	GlobalSection(SolutionProperties) = preSolution
		HideSolutionNode = FALSE
	EndGlobalSection
	GlobalSection(ExtensibilityGlobals) = postSolution
		SolutionGuid = {22A3F0F7-D79E-44C5-8597-037D9828E408}
	EndGlobalSection
EndGlobal
